Microsoft Visual Studio Solution File, Format Version 12.00
# Visual Studio Version 17
VisualStudioVersion = 17.5.2.0
MinimumVisualStudioVersion = 10.0.40219.1
Project("{FAE04EC0-301F-11D3-BF4B-00C04F79EFBC}") = "TopBrainsQuestions", "TopBrainsQuestions\TopBrainsQuestions.csproj", "{B27FA937-72D5-B695-D18A-2305889DD940}"
EndProject
Global
	GlobalSection(SolutionConfigurationPlatforms) = preSolution
		Debug|Any CPU = Debug|Any CPU
		Release|Any CPU = Release|Any CPU
	EndGlobalSection
	GlobalSection(ProjectConfigurationPlatforms) = postSolution
		{B27FA937-72D5-B695-D18A-2305889DD940}.Debug|Any CPU.ActiveCfg = Debug|Any CPU
		{B27FA937-72D5-B695-D18A-2305889DD940}.Debug|Any CPU.Build.0 = Debug|Any CPU
		{B27FA937-72D5-B695-D18A-2305889DD940}.Release|Any CPU.ActiveCfg = Release|Any CPU
		{B27FA937-72D5-B695-D18A-2305889DD940}.Release|Any CPU.Build.0 = Release|Any CPU
	EndGlobalSection
	GlobalSection(SolutionProperties) = preSolution
		HideSolutionNode = FALSE
	EndGlobalSection
	GlobalSection(ExtensibilityGlobals) = postSolution
		SolutionGuid = {7D6F59B9-AA5D-49A4-9F70-69B943219205}
	EndGlobalSection
EndGlobal
